// !$*UTF8*$!
{
	archiveVersion = 1;
	classes = {
	};
	objectVersion = 48;
	objects = {

/* Begin PBXBuildFile section */
		14A4AA8D2049C5CC00312143 /* game.cpp in Sources */ = {isa = PBXBuildFile; fileRef = 14A4AA812049C5CB00312143 /* game.cpp */; };
		14A4AA8E2049C5CC00312143 /* uiDraw.cpp in Sources */ = {isa = PBXBuildFile; fileRef = 14A4AA822049C5CB00312143 /* uiDraw.cpp */; };
		14A4AA8F2049C5CC00312143 /* uiInteract.cpp in Sources */ = {isa = PBXBuildFile; fileRef = 14A4AA842049C5CC00312143 /* uiInteract.cpp */; };
		14A4AA902049C5CC00312143 /* point.cpp in Sources */ = {isa = PBXBuildFile; fileRef = 14A4AA872049C5CC00312143 /* point.cpp */; };
		14A4AA912049C5CC00312143 /* driver.cpp in Sources */ = {isa = PBXBuildFile; fileRef = 14A4AA892049C5CC00312143 /* driver.cpp */; };
		14A4AA922049C5CC00312143 /* makefile in Sources */ = {isa = PBXBuildFile; fileRef = 14A4AA8B2049C5CC00312143 /* makefile */; };
		14A4AA932049C5CC00312143 /* rifle.cpp in Sources */ = {isa = PBXBuildFile; fileRef = 14A4AA8C2049C5CC00312143 /* rifle.cpp */; };
		14A4AA962049C5EB00312143 /* bullet.cpp in Sources */ = {isa = PBXBuildFile; fileRef = 14A4AA942049C5EB00312143 /* bullet.cpp */; };
		14A4AA9B2049C69700312143 /* bird.cpp in Sources */ = {isa = PBXBuildFile; fileRef = 14A4AA9A2049C69700312143 /* bird.cpp */; };
		14A4AA9F204D98F500312143 /* velocity.cpp in Sources */ = {isa = PBXBuildFile; fileRef = 14A4AA9D204D98F400312143 /* velocity.cpp */; };
		14A4AAA1204D9F0D00312143 /* standardBird.cpp in Sources */ = {isa = PBXBuildFile; fileRef = 14A4AAA0204D9F0D00312143 /* standardBird.cpp */; };
		14A4AAA4204DA03100312143 /* toughBird.cpp in Sources */ = {isa = PBXBuildFile; fileRef = 14A4AAA3204DA03100312143 /* toughBird.cpp */; };
		14A4AAA7204DA0BA00312143 /* sacredBird.cpp in Sources */ = {isa = PBXBuildFile; fileRef = 14A4AAA6204DA0BA00312143 /* sacredBird.cpp */; };
		14A4AAAA204DE67500312143 /* flyingObject.cpp in Sources */ = {isa = PBXBuildFile; fileRef = 14A4AAA9204DE67500312143 /* flyingObject.cpp */; };
		14A4AAAE204E0C4100312143 /* OpenGL.framework in Frameworks */ = {isa = PBXBuildFile; fileRef = 14A4AAAD204E0C4000312143 /* OpenGL.framework */; };
		14A4AAB0204E0C4D00312143 /* GLUT.framework in Frameworks */ = {isa = PBXBuildFile; fileRef = 14A4AAAF204E0C4C00312143 /* GLUT.framework */; };
/* End PBXBuildFile section */

/* Begin PBXCopyFilesBuildPhase section */
		14A4AA752049C5A900312143 /* CopyFiles */ = {
			isa = PBXCopyFilesBuildPhase;
			buildActionMask = 2147483647;
			dstPath = /usr/share/man/man1/;
			dstSubfolderSpec = 0;
			files = (
			);
			runOnlyForDeploymentPostprocessing = 1;
		};
/* End PBXCopyFilesBuildPhase section */

/* Begin PBXFileReference section */
		14A4AA772049C5A900312143 /* Skeet */ = {isa = PBXFileReference; explicitFileType = "compiled.mach-o.executable"; includeInIndex = 0; path = Skeet; sourceTree = BUILT_PRODUCTS_DIR; };
		14A4AA812049C5CB00312143 /* game.cpp */ = {isa = PBXFileReference; fileEncoding = 4; lastKnownFileType = sourcecode.cpp.cpp; name = game.cpp; path = ../../game.cpp; sourceTree = "<group>"; };
		14A4AA822049C5CB00312143 /* uiDraw.cpp */ = {isa = PBXFileReference; fileEncoding = 4; lastKnownFileType = sourcecode.cpp.cpp; name = uiDraw.cpp; path = ../../uiDraw.cpp; sourceTree = "<group>"; };
		14A4AA832049C5CB00312143 /* uiDraw.h */ = {isa = PBXFileReference; fileEncoding = 4; lastKnownFileType = sourcecode.c.h; name = uiDraw.h; path = ../../uiDraw.h; sourceTree = "<group>"; };
		14A4AA842049C5CC00312143 /* uiInteract.cpp */ = {isa = PBXFileReference; fileEncoding = 4; lastKnownFileType = sourcecode.cpp.cpp; name = uiInteract.cpp; path = ../../uiInteract.cpp; sourceTree = "<group>"; };
		14A4AA852049C5CC00312143 /* rifle.h */ = {isa = PBXFileReference; fileEncoding = 4; lastKnownFileType = sourcecode.c.h; name = rifle.h; path = ../../rifle.h; sourceTree = "<group>"; };
		14A4AA862049C5CC00312143 /* game.h */ = {isa = PBXFileReference; fileEncoding = 4; lastKnownFileType = sourcecode.c.h; name = game.h; path = ../../game.h; sourceTree = "<group>"; };
		14A4AA872049C5CC00312143 /* point.cpp */ = {isa = PBXFileReference; fileEncoding = 4; lastKnownFileType = sourcecode.cpp.cpp; name = point.cpp; path = ../../point.cpp; sourceTree = "<group>"; };
		14A4AA882049C5CC00312143 /* uiInteract.h */ = {isa = PBXFileReference; fileEncoding = 4; lastKnownFileType = sourcecode.c.h; name = uiInteract.h; path = ../../uiInteract.h; sourceTree = "<group>"; };
		14A4AA892049C5CC00312143 /* driver.cpp */ = {isa = PBXFileReference; fileEncoding = 4; lastKnownFileType = sourcecode.cpp.cpp; name = driver.cpp; path = ../../driver.cpp; sourceTree = "<group>"; };
		14A4AA8A2049C5CC00312143 /* point.h */ = {isa = PBXFileReference; fileEncoding = 4; lastKnownFileType = sourcecode.c.h; name = point.h; path = ../../point.h; sourceTree = "<group>"; };
		14A4AA8B2049C5CC00312143 /* makefile */ = {isa = PBXFileReference; fileEncoding = 4; lastKnownFileType = sourcecode.make; name = makefile; path = ../../makefile; sourceTree = "<group>"; };
		14A4AA8C2049C5CC00312143 /* rifle.cpp */ = {isa = PBXFileReference; fileEncoding = 4; lastKnownFileType = sourcecode.cpp.cpp; name = rifle.cpp; path = ../../rifle.cpp; sourceTree = "<group>"; };
		14A4AA942049C5EB00312143 /* bullet.cpp */ = {isa = PBXFileReference; lastKnownFileType = sourcecode.cpp.cpp; name = bullet.cpp; path = ../../bullet.cpp; sourceTree = "<group>"; };
		14A4AA992049C64B00312143 /* bullet.h */ = {isa = PBXFileReference; lastKnownFileType = sourcecode.c.h; name = bullet.h; path = ../../bullet.h; sourceTree = "<group>"; };
		14A4AA9A2049C69700312143 /* bird.cpp */ = {isa = PBXFileReference; lastKnownFileType = sourcecode.cpp.cpp; name = bird.cpp; path = ../../bird.cpp; sourceTree = "<group>"; };
		14A4AA9C2049C6A700312143 /* bird.h */ = {isa = PBXFileReference; lastKnownFileType = sourcecode.c.h; name = bird.h; path = ../../bird.h; sourceTree = "<group>"; };
		14A4AA9D204D98F400312143 /* velocity.cpp */ = {isa = PBXFileReference; fileEncoding = 4; lastKnownFileType = sourcecode.cpp.cpp; name = velocity.cpp; path = ../../../moonLander/velocity.cpp; sourceTree = "<group>"; };
		14A4AA9E204D98F500312143 /* velocity.h */ = {isa = PBXFileReference; fileEncoding = 4; lastKnownFileType = sourcecode.c.h; name = velocity.h; path = ../../../moonLander/velocity.h; sourceTree = "<group>"; };
		14A4AAA0204D9F0D00312143 /* standardBird.cpp */ = {isa = PBXFileReference; lastKnownFileType = sourcecode.cpp.cpp; name = standardBird.cpp; path = ../../standardBird.cpp; sourceTree = "<group>"; };
		14A4AAA2204D9F3400312143 /* standardBird.h */ = {isa = PBXFileReference; lastKnownFileType = sourcecode.c.h; name = standardBird.h; path = ../../standardBird.h; sourceTree = "<group>"; };
		14A4AAA3204DA03100312143 /* toughBird.cpp */ = {isa = PBXFileReference; lastKnownFileType = sourcecode.cpp.cpp; name = toughBird.cpp; path = ../../toughBird.cpp; sourceTree = "<group>"; };
		14A4AAA5204DA04C00312143 /* toughBird.h */ = {isa = PBXFileReference; lastKnownFileType = sourcecode.c.h; name = toughBird.h; path = ../../toughBird.h; sourceTree = "<group>"; };
		14A4AAA6204DA0BA00312143 /* sacredBird.cpp */ = {isa = PBXFileReference; lastKnownFileType = sourcecode.cpp.cpp; name = sacredBird.cpp; path = ../../sacredBird.cpp; sourceTree = "<group>"; };
		14A4AAA8204DA0E400312143 /* sacredBird.h */ = {isa = PBXFileReference; lastKnownFileType = sourcecode.c.h; name = sacredBird.h; path = ../../sacredBird.h; sourceTree = "<group>"; };
		14A4AAA9204DE67500312143 /* flyingObject.cpp */ = {isa = PBXFileReference; lastKnownFileType = sourcecode.cpp.cpp; name = flyingObject.cpp; path = ../../flyingObject.cpp; sourceTree = "<group>"; };
		14A4AAAB204DE68F00312143 /* flyingObject.h */ = {isa = PBXFileReference; indentWidth = 2; lastKnownFileType = sourcecode.c.h; name = flyingObject.h; path = ../../flyingObject.h; sourceTree = "<group>"; };
		14A4AAAD204E0C4000312143 /* OpenGL.framework */ = {isa = PBXFileReference; lastKnownFileType = wrapper.framework; name = OpenGL.framework; path = System/Library/Frameworks/OpenGL.framework; sourceTree = SDKROOT; };
		14A4AAAF204E0C4C00312143 /* GLUT.framework */ = {isa = PBXFileReference; lastKnownFileType = wrapper.framework; name = GLUT.framework; path = System/Library/Frameworks/GLUT.framework; sourceTree = SDKROOT; };
/* End PBXFileReference section */

/* Begin PBXFrameworksBuildPhase section */
		14A4AA742049C5A900312143 /* Frameworks */ = {
			isa = PBXFrameworksBuildPhase;
			buildActionMask = 2147483647;
			files = (
				14A4AAB0204E0C4D00312143 /* GLUT.framework in Frameworks */,
				14A4AAAE204E0C4100312143 /* OpenGL.framework in Frameworks */,
			);
			runOnlyForDeploymentPostprocessing = 0;
		};
/* End PBXFrameworksBuildPhase section */

/* Begin PBXGroup section */
		14A4AA6E2049C5A900312143 = {
			isa = PBXGroup;
			children = (
				14A4AA792049C5A900312143 /* Skeet */,
				14A4AA782049C5A900312143 /* Products */,
				14A4AAAC204E0C3E00312143 /* Frameworks */,
			);
			sourceTree = "<group>";
		};
		14A4AA782049C5A900312143 /* Products */ = {
			isa = PBXGroup;
			children = (
				14A4AA772049C5A900312143 /* Skeet */,
			);
			name = Products;
			sourceTree = "<group>";
		};
		14A4AA792049C5A900312143 /* Skeet */ = {
			isa = PBXGroup;
			children = (
				14A4AA9D204D98F400312143 /* velocity.cpp */,
				14A4AA9E204D98F500312143 /* velocity.h */,
				14A4AA892049C5CC00312143 /* driver.cpp */,
				14A4AA812049C5CB00312143 /* game.cpp */,
				14A4AA862049C5CC00312143 /* game.h */,
				14A4AA8B2049C5CC00312143 /* makefile */,
				14A4AA872049C5CC00312143 /* point.cpp */,
				14A4AA8A2049C5CC00312143 /* point.h */,
				14A4AA8C2049C5CC00312143 /* rifle.cpp */,
				14A4AA852049C5CC00312143 /* rifle.h */,
				14A4AA822049C5CB00312143 /* uiDraw.cpp */,
				14A4AA832049C5CB00312143 /* uiDraw.h */,
				14A4AA842049C5CC00312143 /* uiInteract.cpp */,
				14A4AA882049C5CC00312143 /* uiInteract.h */,
				14A4AA942049C5EB00312143 /* bullet.cpp */,
				14A4AA992049C64B00312143 /* bullet.h */,
				14A4AA9A2049C69700312143 /* bird.cpp */,
				14A4AA9C2049C6A700312143 /* bird.h */,
				14A4AAA0204D9F0D00312143 /* standardBird.cpp */,
				14A4AAA2204D9F3400312143 /* standardBird.h */,
				14A4AAA3204DA03100312143 /* toughBird.cpp */,
				14A4AAA5204DA04C00312143 /* toughBird.h */,
				14A4AAA6204DA0BA00312143 /* sacredBird.cpp */,
				14A4AAA8204DA0E400312143 /* sacredBird.h */,
				14A4AAA9204DE67500312143 /* flyingObject.cpp */,
				14A4AAAB204DE68F00312143 /* flyingObject.h */,
			);
			path = Skeet;
			sourceTree = "<group>";
		};
		14A4AAAC204E0C3E00312143 /* Frameworks */ = {
			isa = PBXGroup;
			children = (
				14A4AAAF204E0C4C00312143 /* GLUT.framework */,
				14A4AAAD204E0C4000312143 /* OpenGL.framework */,
			);
			name = Frameworks;
			sourceTree = "<group>";
		};
/* End PBXGroup section */

/* Begin PBXNativeTarget section */
		14A4AA762049C5A900312143 /* Skeet */ = {
			isa = PBXNativeTarget;
			buildConfigurationList = 14A4AA7E2049C5A900312143 /* Build configuration list for PBXNativeTarget "Skeet" */;
			buildPhases = (
				14A4AA732049C5A900312143 /* Sources */,
				14A4AA742049C5A900312143 /* Frameworks */,
				14A4AA752049C5A900312143 /* CopyFiles */,
			);
			buildRules = (
			);
			dependencies = (
			);
			name = Skeet;
			productName = Skeet;
			productReference = 14A4AA772049C5A900312143 /* Skeet */;
			productType = "com.apple.product-type.tool";
		};
/* End PBXNativeTarget section */

/* Begin PBXProject section */
		14A4AA6F2049C5A900312143 /* Project object */ = {
			isa = PBXProject;
			attributes = {
				LastUpgradeCheck = 0920;
				ORGANIZATIONNAME = "Jon Michael Ossola";
				TargetAttributes = {
					14A4AA762049C5A900312143 = {
						CreatedOnToolsVersion = 9.2;
						ProvisioningStyle = Automatic;
					};
				};
			};
			buildConfigurationList = 14A4AA722049C5A900312143 /* Build configuration list for PBXProject "Skeet" */;
			compatibilityVersion = "Xcode 8.0";
			developmentRegion = en;
			hasScannedForEncodings = 0;
			knownRegions = (
				en,
			);
			mainGroup = 14A4AA6E2049C5A900312143;
			productRefGroup = 14A4AA782049C5A900312143 /* Products */;
			projectDirPath = "";
			projectRoot = "";
			targets = (
				14A4AA762049C5A900312143 /* Skeet */,
			);
		};
/* End PBXProject section */

/* Begin PBXSourcesBuildPhase section */
		14A4AA732049C5A900312143 /* Sources */ = {
			isa = PBXSourcesBuildPhase;
			buildActionMask = 2147483647;
			files = (
				14A4AA912049C5CC00312143 /* driver.cpp in Sources */,
				14A4AA902049C5CC00312143 /* point.cpp in Sources */,
				14A4AAA7204DA0BA00312143 /* sacredBird.cpp in Sources */,
				14A4AA9B2049C69700312143 /* bird.cpp in Sources */,
				14A4AA922049C5CC00312143 /* makefile in Sources */,
				14A4AA962049C5EB00312143 /* bullet.cpp in Sources */,
				14A4AA8D2049C5CC00312143 /* game.cpp in Sources */,
				14A4AAA4204DA03100312143 /* toughBird.cpp in Sources */,
				14A4AA9F204D98F500312143 /* velocity.cpp in Sources */,
				14A4AAA1204D9F0D00312143 /* standardBird.cpp in Sources */,
				14A4AA8E2049C5CC00312143 /* uiDraw.cpp in Sources */,
				14A4AA932049C5CC00312143 /* rifle.cpp in Sources */,
				14A4AA8F2049C5CC00312143 /* uiInteract.cpp in Sources */,
				14A4AAAA204DE67500312143 /* flyingObject.cpp in Sources */,
			);
			runOnlyForDeploymentPostprocessing = 0;
		};
/* End PBXSourcesBuildPhase section */

/* Begin XCBuildConfiguration section */
		14A4AA7C2049C5A900312143 /* Debug */ = {
			isa = XCBuildConfiguration;
			buildSettings = {
				ALWAYS_SEARCH_USER_PATHS = NO;
				CLANG_ANALYZER_NONNULL = YES;
				CLANG_ANALYZER_NUMBER_OBJECT_CONVERSION = YES_AGGRESSIVE;
				CLANG_CXX_LANGUAGE_STANDARD = "gnu++14";
				CLANG_CXX_LIBRARY = "libc++";
				CLANG_ENABLE_MODULES = YES;
				CLANG_ENABLE_OBJC_ARC = YES;
				CLANG_WARN_BLOCK_CAPTURE_AUTORELEASING = YES;
				CLANG_WARN_BOOL_CONVERSION = YES;
				CLANG_WARN_COMMA = YES;
				CLANG_WARN_CONSTANT_CONVERSION = YES;
				CLANG_WARN_DIRECT_OBJC_ISA_USAGE = YES_ERROR;
				CLANG_WARN_DOCUMENTATION_COMMENTS = YES;
				CLANG_WARN_EMPTY_BODY = YES;
				CLANG_WARN_ENUM_CONVERSION = YES;
				CLANG_WARN_INFINITE_RECURSION = YES;
				CLANG_WARN_INT_CONVERSION = YES;
				CLANG_WARN_NON_LITERAL_NULL_CONVERSION = YES;
				CLANG_WARN_OBJC_LITERAL_CONVERSION = YES;
				CLANG_WARN_OBJC_ROOT_CLASS = YES_ERROR;
				CLANG_WARN_RANGE_LOOP_ANALYSIS = YES;
				CLANG_WARN_STRICT_PROTOTYPES = YES;
				CLANG_WARN_SUSPICIOUS_MOVE = YES;
				CLANG_WARN_UNGUARDED_AVAILABILITY = YES_AGGRESSIVE;
				CLANG_WARN_UNREACHABLE_CODE = YES;
				CLANG_WARN__DUPLICATE_METHOD_MATCH = YES;
				CODE_SIGN_IDENTITY = "-";
				COPY_PHASE_STRIP = NO;
				DEBUG_INFORMATION_FORMAT = dwarf;
				ENABLE_STRICT_OBJC_MSGSEND = YES;
				ENABLE_TESTABILITY = YES;
				GCC_C_LANGUAGE_STANDARD = gnu11;
				GCC_DYNAMIC_NO_PIC = NO;
				GCC_NO_COMMON_BLOCKS = YES;
				GCC_OPTIMIZATION_LEVEL = 0;
				GCC_PREPROCESSOR_DEFINITIONS = (
					"DEBUG=1",
					"$(inherited)",
				);
				GCC_WARN_64_TO_32_BIT_CONVERSION = YES;
				GCC_WARN_ABOUT_RETURN_TYPE = YES_ERROR;
				GCC_WARN_UNDECLARED_SELECTOR = YES;
				GCC_WARN_UNINITIALIZED_AUTOS = YES_AGGRESSIVE;
				GCC_WARN_UNUSED_FUNCTION = YES;
				GCC_WARN_UNUSED_VARIABLE = YES;
				MACOSX_DEPLOYMENT_TARGET = 10.13;
				MTL_ENABLE_DEBUG_INFO = YES;
				ONLY_ACTIVE_ARCH = YES;
				SDKROOT = macosx;
			};
			name = Debug;
		};
		14A4AA7D2049C5A900312143 /* Release */ = {
			isa = XCBuildConfiguration;
			buildSettings = {
				ALWAYS_SEARCH_USER_PATHS = NO;
				CLANG_ANALYZER_NONNULL = YES;
				CLANG_ANALYZER_NUMBER_OBJECT_CONVERSION = YES_AGGRESSIVE;
				CLANG_CXX_LANGUAGE_STANDARD = "gnu++14";
				CLANG_CXX_LIBRARY = "libc++";
				CLANG_ENABLE_MODULES = YES;
				CLANG_ENABLE_OBJC_ARC = YES;
				CLANG_WARN_BLOCK_CAPTURE_AUTORELEASING = YES;
				CLANG_WARN_BOOL_CONVERSION = YES;
				CLANG_WARN_COMMA = YES;
				CLANG_WARN_CONSTANT_CONVERSION = YES;
				CLANG_WARN_DIRECT_OBJC_ISA_USAGE = YES_ERROR;
				CLANG_WARN_DOCUMENTATION_COMMENTS = YES;
				CLANG_WARN_EMPTY_BODY = YES;
				CLANG_WARN_ENUM_CONVERSION = YES;
				CLANG_WARN_INFINITE_RECURSION = YES;
				CLANG_WARN_INT_CONVERSION = YES;
				CLANG_WARN_NON_LITERAL_NULL_CONVERSION = YES;
				CLANG_WARN_OBJC_LITERAL_CONVERSION = YES;
				CLANG_WARN_OBJC_ROOT_CLASS = YES_ERROR;
				CLANG_WARN_RANGE_LOOP_ANALYSIS = YES;
				CLANG_WARN_STRICT_PROTOTYPES = YES;
				CLANG_WARN_SUSPICIOUS_MOVE = YES;
				CLANG_WARN_UNGUARDED_AVAILABILITY = YES_AGGRESSIVE;
				CLANG_WARN_UNREACHABLE_CODE = YES;
				CLANG_WARN__DUPLICATE_METHOD_MATCH = YES;
				CODE_SIGN_IDENTITY = "-";
				COPY_PHASE_STRIP = NO;
				DEBUG_INFORMATION_FORMAT = "dwarf-with-dsym";
				ENABLE_NS_ASSERTIONS = NO;
				ENABLE_STRICT_OBJC_MSGSEND = YES;
				GCC_C_LANGUAGE_STANDARD = gnu11;
				GCC_NO_COMMON_BLOCKS = YES;
				GCC_WARN_64_TO_32_BIT_CONVERSION = YES;
				GCC_WARN_ABOUT_RETURN_TYPE = YES_ERROR;
				GCC_WARN_UNDECLARED_SELECTOR = YES;
				GCC_WARN_UNINITIALIZED_AUTOS = YES_AGGRESSIVE;
				GCC_WARN_UNUSED_FUNCTION = YES;
				GCC_WARN_UNUSED_VARIABLE = YES;
				MACOSX_DEPLOYMENT_TARGET = 10.13;
				MTL_ENABLE_DEBUG_INFO = NO;
				SDKROOT = macosx;
			};
			name = Release;
		};
		14A4AA7F2049C5A900312143 /* Debug */ = {
			isa = XCBuildConfiguration;
			buildSettings = {
				CODE_SIGN_STYLE = Automatic;
				PRODUCT_NAME = "$(TARGET_NAME)";
			};
			name = Debug;
		};
		14A4AA802049C5A900312143 /* Release */ = {
			isa = XCBuildConfiguration;
			buildSettings = {
				CODE_SIGN_STYLE = Automatic;
				PRODUCT_NAME = "$(TARGET_NAME)";
			};
			name = Release;
		};
/* End XCBuildConfiguration section */

/* Begin XCConfigurationList section */
		14A4AA722049C5A900312143 /* Build configuration list for PBXProject "Skeet" */ = {
			isa = XCConfigurationList;
			buildConfigurations = (
				14A4AA7C2049C5A900312143 /* Debug */,
				14A4AA7D2049C5A900312143 /* Release */,
			);
			defaultConfigurationIsVisible = 0;
			defaultConfigurationName = Release;
		};
		14A4AA7E2049C5A900312143 /* Build configuration list for PBXNativeTarget "Skeet" */ = {
			isa = XCConfigurationList;
			buildConfigurations = (
				14A4AA7F2049C5A900312143 /* Debug */,
				14A4AA802049C5A900312143 /* Release */,
			);
			defaultConfigurationIsVisible = 0;
			defaultConfigurationName = Release;
		};
/* End XCConfigurationList section */
	};
	rootObject = 14A4AA6F2049C5A900312143 /* Project object */;
}
