// !$*UTF8*$!
{
	archiveVersion = 1;
	classes = {
	};
	objectVersion = 48;
	objects = {

/* Begin PBXBuildFile section */
		14E182FE2037751C00B9D942 /* point.cpp in Sources */ = {isa = PBXBuildFile; fileRef = 14E182F12037751A00B9D942 /* point.cpp */; };
		14E182FF2037751C00B9D942 /* driver.cpp in Sources */ = {isa = PBXBuildFile; fileRef = 14E182F42037751B00B9D942 /* driver.cpp */; };
		14E183002037751C00B9D942 /* ground.cpp in Sources */ = {isa = PBXBuildFile; fileRef = 14E182F52037751B00B9D942 /* ground.cpp */; };
		14E183012037751C00B9D942 /* uiInteract.cpp in Sources */ = {isa = PBXBuildFile; fileRef = 14E182F72037751B00B9D942 /* uiInteract.cpp */; };
		14E183022037751C00B9D942 /* makefile in Sources */ = {isa = PBXBuildFile; fileRef = 14E182FA2037751B00B9D942 /* makefile */; };
		14E183032037751C00B9D942 /* game.cpp in Sources */ = {isa = PBXBuildFile; fileRef = 14E182FB2037751B00B9D942 /* game.cpp */; };
		14E183042037751C00B9D942 /* uiDraw.cpp in Sources */ = {isa = PBXBuildFile; fileRef = 14E182FC2037751B00B9D942 /* uiDraw.cpp */; };
		14E1830620377BE600B9D942 /* lander.cpp in Sources */ = {isa = PBXBuildFile; fileRef = 14E1830520377BE600B9D942 /* lander.cpp */; };
		14E18309203785B100B9D942 /* velocity.cpp in Sources */ = {isa = PBXBuildFile; fileRef = 14E18308203785B100B9D942 /* velocity.cpp */; };
		14E1830D20378CE800B9D942 /* OpenGL.framework in Frameworks */ = {isa = PBXBuildFile; fileRef = 14E1830C20378CE700B9D942 /* OpenGL.framework */; };
		14E1830F20378CF600B9D942 /* GLUT.framework in Frameworks */ = {isa = PBXBuildFile; fileRef = 14E1830E20378CF500B9D942 /* GLUT.framework */; };
/* End PBXBuildFile section */

/* Begin PBXCopyFilesBuildPhase section */
		14E182E5203774F200B9D942 /* CopyFiles */ = {
			isa = PBXCopyFilesBuildPhase;
			buildActionMask = 2147483647;
			dstPath = /usr/share/man/man1/;
			dstSubfolderSpec = 0;
			files = (
			);
			runOnlyForDeploymentPostprocessing = 1;
		};
/* End PBXCopyFilesBuildPhase section */

/* Begin PBXFileReference section */
		14E182E7203774F200B9D942 /* moonLander */ = {isa = PBXFileReference; explicitFileType = "compiled.mach-o.executable"; includeInIndex = 0; path = moonLander; sourceTree = BUILT_PRODUCTS_DIR; };
		14E182F12037751A00B9D942 /* point.cpp */ = {isa = PBXFileReference; fileEncoding = 4; lastKnownFileType = sourcecode.cpp.cpp; name = point.cpp; path = ../../point.cpp; sourceTree = "<group>"; };
		14E182F22037751A00B9D942 /* point.h */ = {isa = PBXFileReference; fileEncoding = 4; lastKnownFileType = sourcecode.c.h; name = point.h; path = ../../point.h; sourceTree = "<group>"; };
		14E182F32037751B00B9D942 /* makefile~ */ = {isa = PBXFileReference; fileEncoding = 4; lastKnownFileType = text; name = "makefile~"; path = "../../makefile~"; sourceTree = "<group>"; };
		14E182F42037751B00B9D942 /* driver.cpp */ = {isa = PBXFileReference; fileEncoding = 4; lastKnownFileType = sourcecode.cpp.cpp; name = driver.cpp; path = ../../driver.cpp; sourceTree = "<group>"; };
		14E182F52037751B00B9D942 /* ground.cpp */ = {isa = PBXFileReference; fileEncoding = 4; lastKnownFileType = sourcecode.cpp.cpp; name = ground.cpp; path = ../../ground.cpp; sourceTree = "<group>"; };
		14E182F62037751B00B9D942 /* uiInteract.h */ = {isa = PBXFileReference; fileEncoding = 4; lastKnownFileType = sourcecode.c.h; name = uiInteract.h; path = ../../uiInteract.h; sourceTree = "<group>"; };
		14E182F72037751B00B9D942 /* uiInteract.cpp */ = {isa = PBXFileReference; fileEncoding = 4; lastKnownFileType = sourcecode.cpp.cpp; name = uiInteract.cpp; path = ../../uiInteract.cpp; sourceTree = "<group>"; };
		14E182F82037751B00B9D942 /* game.h */ = {isa = PBXFileReference; fileEncoding = 4; lastKnownFileType = sourcecode.c.h; name = game.h; path = ../../game.h; sourceTree = "<group>"; };
		14E182F92037751B00B9D942 /* ground.h */ = {isa = PBXFileReference; fileEncoding = 4; lastKnownFileType = sourcecode.c.h; name = ground.h; path = ../../ground.h; sourceTree = "<group>"; };
		14E182FA2037751B00B9D942 /* makefile */ = {isa = PBXFileReference; fileEncoding = 4; lastKnownFileType = sourcecode.make; name = makefile; path = ../../makefile; sourceTree = "<group>"; };
		14E182FB2037751B00B9D942 /* game.cpp */ = {isa = PBXFileReference; fileEncoding = 4; lastKnownFileType = sourcecode.cpp.cpp; name = game.cpp; path = ../../game.cpp; sourceTree = "<group>"; };
		14E182FC2037751B00B9D942 /* uiDraw.cpp */ = {isa = PBXFileReference; fileEncoding = 4; lastKnownFileType = sourcecode.cpp.cpp; name = uiDraw.cpp; path = ../../uiDraw.cpp; sourceTree = "<group>"; };
		14E182FD2037751B00B9D942 /* uiDraw.h */ = {isa = PBXFileReference; fileEncoding = 4; lastKnownFileType = sourcecode.c.h; name = uiDraw.h; path = ../../uiDraw.h; sourceTree = "<group>"; };
		14E1830520377BE600B9D942 /* lander.cpp */ = {isa = PBXFileReference; lastKnownFileType = sourcecode.cpp.cpp; name = lander.cpp; path = ../../lander.cpp; sourceTree = "<group>"; };
		14E183072037817800B9D942 /* lander.h */ = {isa = PBXFileReference; lastKnownFileType = sourcecode.c.h; name = lander.h; path = ../../lander.h; sourceTree = "<group>"; };
		14E18308203785B100B9D942 /* velocity.cpp */ = {isa = PBXFileReference; lastKnownFileType = sourcecode.cpp.cpp; name = velocity.cpp; path = ../../velocity.cpp; sourceTree = "<group>"; };
		14E1830A203785C900B9D942 /* velocity.h */ = {isa = PBXFileReference; lastKnownFileType = sourcecode.c.h; name = velocity.h; path = ../../velocity.h; sourceTree = "<group>"; };
		14E1830C20378CE700B9D942 /* OpenGL.framework */ = {isa = PBXFileReference; lastKnownFileType = wrapper.framework; name = OpenGL.framework; path = System/Library/Frameworks/OpenGL.framework; sourceTree = SDKROOT; };
		14E1830E20378CF500B9D942 /* GLUT.framework */ = {isa = PBXFileReference; lastKnownFileType = wrapper.framework; name = GLUT.framework; path = System/Library/Frameworks/GLUT.framework; sourceTree = SDKROOT; };
/* End PBXFileReference section */

/* Begin PBXFrameworksBuildPhase section */
		14E182E4203774F200B9D942 /* Frameworks */ = {
			isa = PBXFrameworksBuildPhase;
			buildActionMask = 2147483647;
			files = (
				14E1830F20378CF600B9D942 /* GLUT.framework in Frameworks */,
				14E1830D20378CE800B9D942 /* OpenGL.framework in Frameworks */,
			);
			runOnlyForDeploymentPostprocessing = 0;
		};
/* End PBXFrameworksBuildPhase section */

/* Begin PBXGroup section */
		14E182DE203774F200B9D942 = {
			isa = PBXGroup;
			children = (
				14E182E9203774F200B9D942 /* moonLander */,
				14E182E8203774F200B9D942 /* Products */,
				14E1830B20378CE600B9D942 /* Frameworks */,
			);
			sourceTree = "<group>";
		};
		14E182E8203774F200B9D942 /* Products */ = {
			isa = PBXGroup;
			children = (
				14E182E7203774F200B9D942 /* moonLander */,
			);
			name = Products;
			sourceTree = "<group>";
		};
		14E182E9203774F200B9D942 /* moonLander */ = {
			isa = PBXGroup;
			children = (
				14E182F42037751B00B9D942 /* driver.cpp */,
				14E1830520377BE600B9D942 /* lander.cpp */,
				14E183072037817800B9D942 /* lander.h */,
				14E18308203785B100B9D942 /* velocity.cpp */,
				14E1830A203785C900B9D942 /* velocity.h */,
				14E182FB2037751B00B9D942 /* game.cpp */,
				14E182F82037751B00B9D942 /* game.h */,
				14E182F52037751B00B9D942 /* ground.cpp */,
				14E182F92037751B00B9D942 /* ground.h */,
				14E182FA2037751B00B9D942 /* makefile */,
				14E182F32037751B00B9D942 /* makefile~ */,
				14E182F12037751A00B9D942 /* point.cpp */,
				14E182F22037751A00B9D942 /* point.h */,
				14E182FC2037751B00B9D942 /* uiDraw.cpp */,
				14E182FD2037751B00B9D942 /* uiDraw.h */,
				14E182F72037751B00B9D942 /* uiInteract.cpp */,
				14E182F62037751B00B9D942 /* uiInteract.h */,
			);
			path = moonLander;
			sourceTree = "<group>";
		};
		14E1830B20378CE600B9D942 /* Frameworks */ = {
			isa = PBXGroup;
			children = (
				14E1830E20378CF500B9D942 /* GLUT.framework */,
				14E1830C20378CE700B9D942 /* OpenGL.framework */,
			);
			name = Frameworks;
			sourceTree = "<group>";
		};
/* End PBXGroup section */

/* Begin PBXNativeTarget section */
		14E182E6203774F200B9D942 /* moonLander */ = {
			isa = PBXNativeTarget;
			buildConfigurationList = 14E182EE203774F200B9D942 /* Build configuration list for PBXNativeTarget "moonLander" */;
			buildPhases = (
				14E182E3203774F200B9D942 /* Sources */,
				14E182E4203774F200B9D942 /* Frameworks */,
				14E182E5203774F200B9D942 /* CopyFiles */,
			);
			buildRules = (
			);
			dependencies = (
			);
			name = moonLander;
			productName = moonLander;
			productReference = 14E182E7203774F200B9D942 /* moonLander */;
			productType = "com.apple.product-type.tool";
		};
/* End PBXNativeTarget section */

/* Begin PBXProject section */
		14E182DF203774F200B9D942 /* Project object */ = {
			isa = PBXProject;
			attributes = {
				LastUpgradeCheck = 0920;
				ORGANIZATIONNAME = "Jon Michael Ossola";
				TargetAttributes = {
					14E182E6203774F200B9D942 = {
						CreatedOnToolsVersion = 9.2;
						ProvisioningStyle = Automatic;
					};
				};
			};
			buildConfigurationList = 14E182E2203774F200B9D942 /* Build configuration list for PBXProject "moonLander" */;
			compatibilityVersion = "Xcode 8.0";
			developmentRegion = en;
			hasScannedForEncodings = 0;
			knownRegions = (
				en,
			);
			mainGroup = 14E182DE203774F200B9D942;
			productRefGroup = 14E182E8203774F200B9D942 /* Products */;
			projectDirPath = "";
			projectRoot = "";
			targets = (
				14E182E6203774F200B9D942 /* moonLander */,
			);
		};
/* End PBXProject section */

/* Begin PBXSourcesBuildPhase section */
		14E182E3203774F200B9D942 /* Sources */ = {
			isa = PBXSourcesBuildPhase;
			buildActionMask = 2147483647;
			files = (
				14E183002037751C00B9D942 /* ground.cpp in Sources */,
				14E1830620377BE600B9D942 /* lander.cpp in Sources */,
				14E182FE2037751C00B9D942 /* point.cpp in Sources */,
				14E183042037751C00B9D942 /* uiDraw.cpp in Sources */,
				14E182FF2037751C00B9D942 /* driver.cpp in Sources */,
				14E183012037751C00B9D942 /* uiInteract.cpp in Sources */,
				14E183022037751C00B9D942 /* makefile in Sources */,
				14E18309203785B100B9D942 /* velocity.cpp in Sources */,
				14E183032037751C00B9D942 /* game.cpp in Sources */,
			);
			runOnlyForDeploymentPostprocessing = 0;
		};
/* End PBXSourcesBuildPhase section */

/* Begin XCBuildConfiguration section */
		14E182EC203774F200B9D942 /* Debug */ = {
			isa = XCBuildConfiguration;
			buildSettings = {
				ALWAYS_SEARCH_USER_PATHS = NO;
				CLANG_ANALYZER_NONNULL = YES;
				CLANG_ANALYZER_NUMBER_OBJECT_CONVERSION = YES_AGGRESSIVE;
				CLANG_CXX_LANGUAGE_STANDARD = "gnu++14";
				CLANG_CXX_LIBRARY = "libc++";
				CLANG_ENABLE_MODULES = YES;
				CLANG_ENABLE_OBJC_ARC = YES;
				CLANG_WARN_BLOCK_CAPTURE_AUTORELEASING = YES;
				CLANG_WARN_BOOL_CONVERSION = YES;
				CLANG_WARN_COMMA = YES;
				CLANG_WARN_CONSTANT_CONVERSION = YES;
				CLANG_WARN_DIRECT_OBJC_ISA_USAGE = YES_ERROR;
				CLANG_WARN_DOCUMENTATION_COMMENTS = YES;
				CLANG_WARN_EMPTY_BODY = YES;
				CLANG_WARN_ENUM_CONVERSION = YES;
				CLANG_WARN_INFINITE_RECURSION = YES;
				CLANG_WARN_INT_CONVERSION = YES;
				CLANG_WARN_NON_LITERAL_NULL_CONVERSION = YES;
				CLANG_WARN_OBJC_LITERAL_CONVERSION = YES;
				CLANG_WARN_OBJC_ROOT_CLASS = YES_ERROR;
				CLANG_WARN_RANGE_LOOP_ANALYSIS = YES;
				CLANG_WARN_STRICT_PROTOTYPES = YES;
				CLANG_WARN_SUSPICIOUS_MOVE = YES;
				CLANG_WARN_UNGUARDED_AVAILABILITY = YES_AGGRESSIVE;
				CLANG_WARN_UNREACHABLE_CODE = YES;
				CLANG_WARN__DUPLICATE_METHOD_MATCH = YES;
				CODE_SIGN_IDENTITY = "-";
				COPY_PHASE_STRIP = NO;
				DEBUG_INFORMATION_FORMAT = dwarf;
				ENABLE_STRICT_OBJC_MSGSEND = YES;
				ENABLE_TESTABILITY = YES;
				GCC_C_LANGUAGE_STANDARD = gnu11;
				GCC_DYNAMIC_NO_PIC = NO;
				GCC_NO_COMMON_BLOCKS = YES;
				GCC_OPTIMIZATION_LEVEL = 0;
				GCC_PREPROCESSOR_DEFINITIONS = (
					"DEBUG=1",
					"$(inherited)",
				);
				GCC_WARN_64_TO_32_BIT_CONVERSION = YES;
				GCC_WARN_ABOUT_RETURN_TYPE = YES_ERROR;
				GCC_WARN_UNDECLARED_SELECTOR = YES;
				GCC_WARN_UNINITIALIZED_AUTOS = YES_AGGRESSIVE;
				GCC_WARN_UNUSED_FUNCTION = YES;
				GCC_WARN_UNUSED_VARIABLE = YES;
				MACOSX_DEPLOYMENT_TARGET = 10.13;
				MTL_ENABLE_DEBUG_INFO = YES;
				ONLY_ACTIVE_ARCH = YES;
				SDKROOT = macosx;
			};
			name = Debug;
		};
		14E182ED203774F200B9D942 /* Release */ = {
			isa = XCBuildConfiguration;
			buildSettings = {
				ALWAYS_SEARCH_USER_PATHS = NO;
				CLANG_ANALYZER_NONNULL = YES;
				CLANG_ANALYZER_NUMBER_OBJECT_CONVERSION = YES_AGGRESSIVE;
				CLANG_CXX_LANGUAGE_STANDARD = "gnu++14";
				CLANG_CXX_LIBRARY = "libc++";
				CLANG_ENABLE_MODULES = YES;
				CLANG_ENABLE_OBJC_ARC = YES;
				CLANG_WARN_BLOCK_CAPTURE_AUTORELEASING = YES;
				CLANG_WARN_BOOL_CONVERSION = YES;
				CLANG_WARN_COMMA = YES;
				CLANG_WARN_CONSTANT_CONVERSION = YES;
				CLANG_WARN_DIRECT_OBJC_ISA_USAGE = YES_ERROR;
				CLANG_WARN_DOCUMENTATION_COMMENTS = YES;
				CLANG_WARN_EMPTY_BODY = YES;
				CLANG_WARN_ENUM_CONVERSION = YES;
				CLANG_WARN_INFINITE_RECURSION = YES;
				CLANG_WARN_INT_CONVERSION = YES;
				CLANG_WARN_NON_LITERAL_NULL_CONVERSION = YES;
				CLANG_WARN_OBJC_LITERAL_CONVERSION = YES;
				CLANG_WARN_OBJC_ROOT_CLASS = YES_ERROR;
				CLANG_WARN_RANGE_LOOP_ANALYSIS = YES;
				CLANG_WARN_STRICT_PROTOTYPES = YES;
				CLANG_WARN_SUSPICIOUS_MOVE = YES;
				CLANG_WARN_UNGUARDED_AVAILABILITY = YES_AGGRESSIVE;
				CLANG_WARN_UNREACHABLE_CODE = YES;
				CLANG_WARN__DUPLICATE_METHOD_MATCH = YES;
				CODE_SIGN_IDENTITY = "-";
				COPY_PHASE_STRIP = NO;
				DEBUG_INFORMATION_FORMAT = "dwarf-with-dsym";
				ENABLE_NS_ASSERTIONS = NO;
				ENABLE_STRICT_OBJC_MSGSEND = YES;
				GCC_C_LANGUAGE_STANDARD = gnu11;
				GCC_NO_COMMON_BLOCKS = YES;
				GCC_WARN_64_TO_32_BIT_CONVERSION = YES;
				GCC_WARN_ABOUT_RETURN_TYPE = YES_ERROR;
				GCC_WARN_UNDECLARED_SELECTOR = YES;
				GCC_WARN_UNINITIALIZED_AUTOS = YES_AGGRESSIVE;
				GCC_WARN_UNUSED_FUNCTION = YES;
				GCC_WARN_UNUSED_VARIABLE = YES;
				MACOSX_DEPLOYMENT_TARGET = 10.13;
				MTL_ENABLE_DEBUG_INFO = NO;
				SDKROOT = macosx;
			};
			name = Release;
		};
		14E182EF203774F200B9D942 /* Debug */ = {
			isa = XCBuildConfiguration;
			buildSettings = {
				CODE_SIGN_STYLE = Automatic;
				PRODUCT_NAME = "$(TARGET_NAME)";
			};
			name = Debug;
		};
		14E182F0203774F200B9D942 /* Release */ = {
			isa = XCBuildConfiguration;
			buildSettings = {
				CODE_SIGN_STYLE = Automatic;
				PRODUCT_NAME = "$(TARGET_NAME)";
			};
			name = Release;
		};
/* End XCBuildConfiguration section */

/* Begin XCConfigurationList section */
		14E182E2203774F200B9D942 /* Build configuration list for PBXProject "moonLander" */ = {
			isa = XCConfigurationList;
			buildConfigurations = (
				14E182EC203774F200B9D942 /* Debug */,
				14E182ED203774F200B9D942 /* Release */,
			);
			defaultConfigurationIsVisible = 0;
			defaultConfigurationName = Release;
		};
		14E182EE203774F200B9D942 /* Build configuration list for PBXNativeTarget "moonLander" */ = {
			isa = XCConfigurationList;
			buildConfigurations = (
				14E182EF203774F200B9D942 /* Debug */,
				14E182F0203774F200B9D942 /* Release */,
			);
			defaultConfigurationIsVisible = 0;
			defaultConfigurationName = Release;
		};
/* End XCConfigurationList section */
	};
	rootObject = 14E182DF203774F200B9D942 /* Project object */;
}
