// !$*UTF8*$!
{
	archiveVersion = 1;
	classes = {
	};
	objectVersion = 48;
	objects = {

/* Begin PBXBuildFile section */
		1406BE66205C358100648F08 /* rocks.cpp in Sources */ = {isa = PBXBuildFile; fileRef = 1406BE59205C358000648F08 /* rocks.cpp */; };
		1406BE67205C358100648F08 /* flyingObject.cpp in Sources */ = {isa = PBXBuildFile; fileRef = 1406BE5A205C358000648F08 /* flyingObject.cpp */; };
		1406BE68205C358100648F08 /* point.cpp in Sources */ = {isa = PBXBuildFile; fileRef = 1406BE5B205C358000648F08 /* point.cpp */; };
		1406BE69205C358100648F08 /* makefile in Sources */ = {isa = PBXBuildFile; fileRef = 1406BE5E205C358000648F08 /* makefile */; };
		1406BE6A205C358100648F08 /* game.cpp in Sources */ = {isa = PBXBuildFile; fileRef = 1406BE62205C358100648F08 /* game.cpp */; };
		1406BE6B205C358100648F08 /* bullet.cpp in Sources */ = {isa = PBXBuildFile; fileRef = 1406BE63205C358100648F08 /* bullet.cpp */; };
		1406BE6C205C358100648F08 /* driver.cpp in Sources */ = {isa = PBXBuildFile; fileRef = 1406BE64205C358100648F08 /* driver.cpp */; };
		1406BE76205C359800648F08 /* ship.cpp in Sources */ = {isa = PBXBuildFile; fileRef = 1406BE6E205C359600648F08 /* ship.cpp */; };
		1406BE77205C359800648F08 /* velocity.cpp in Sources */ = {isa = PBXBuildFile; fileRef = 1406BE6F205C359600648F08 /* velocity.cpp */; };
		1406BE78205C359800648F08 /* uiDraw.cpp in Sources */ = {isa = PBXBuildFile; fileRef = 1406BE70205C359700648F08 /* uiDraw.cpp */; };
		1406BE79205C359800648F08 /* uiInteract.cpp in Sources */ = {isa = PBXBuildFile; fileRef = 1406BE74205C359700648F08 /* uiInteract.cpp */; };
		1406BE7C2060569F00648F08 /* OpenGL.framework in Frameworks */ = {isa = PBXBuildFile; fileRef = 1406BE7B2060569F00648F08 /* OpenGL.framework */; };
		1406BE7E206056A600648F08 /* GLUT.framework in Frameworks */ = {isa = PBXBuildFile; fileRef = 1406BE7D206056A600648F08 /* GLUT.framework */; };
		14DF3307207D479500E576E3 /* enemyShip.cpp in Sources */ = {isa = PBXBuildFile; fileRef = 14DF3305207D479500E576E3 /* enemyShip.cpp */; };
/* End PBXBuildFile section */

/* Begin PBXCopyFilesBuildPhase section */
		1406BE4D205C352C00648F08 /* CopyFiles */ = {
			isa = PBXCopyFilesBuildPhase;
			buildActionMask = 2147483647;
			dstPath = /usr/share/man/man1/;
			dstSubfolderSpec = 0;
			files = (
			);
			runOnlyForDeploymentPostprocessing = 1;
		};
/* End PBXCopyFilesBuildPhase section */

/* Begin PBXFileReference section */
		1406BE4F205C352C00648F08 /* asteroids */ = {isa = PBXFileReference; explicitFileType = "compiled.mach-o.executable"; includeInIndex = 0; path = asteroids; sourceTree = BUILT_PRODUCTS_DIR; };
		1406BE59205C358000648F08 /* rocks.cpp */ = {isa = PBXFileReference; fileEncoding = 4; lastKnownFileType = sourcecode.cpp.cpp; name = rocks.cpp; path = ../../rocks.cpp; sourceTree = "<group>"; };
		1406BE5A205C358000648F08 /* flyingObject.cpp */ = {isa = PBXFileReference; fileEncoding = 4; lastKnownFileType = sourcecode.cpp.cpp; name = flyingObject.cpp; path = ../../flyingObject.cpp; sourceTree = "<group>"; };
		1406BE5B205C358000648F08 /* point.cpp */ = {isa = PBXFileReference; fileEncoding = 4; lastKnownFileType = sourcecode.cpp.cpp; name = point.cpp; path = ../../point.cpp; sourceTree = "<group>"; };
		1406BE5C205C358000648F08 /* makefile~ */ = {isa = PBXFileReference; fileEncoding = 4; lastKnownFileType = text; name = "makefile~"; path = "../../makefile~"; sourceTree = "<group>"; };
		1406BE5D205C358000648F08 /* flyingObject.h */ = {isa = PBXFileReference; fileEncoding = 4; lastKnownFileType = sourcecode.c.h; name = flyingObject.h; path = ../../flyingObject.h; sourceTree = "<group>"; };
		1406BE5E205C358000648F08 /* makefile */ = {isa = PBXFileReference; fileEncoding = 4; lastKnownFileType = sourcecode.make; name = makefile; path = ../../makefile; sourceTree = "<group>"; };
		1406BE5F205C358100648F08 /* bullet.h */ = {isa = PBXFileReference; fileEncoding = 4; lastKnownFileType = sourcecode.c.h; name = bullet.h; path = ../../bullet.h; sourceTree = "<group>"; };
		1406BE60205C358100648F08 /* rocks.h */ = {isa = PBXFileReference; fileEncoding = 4; lastKnownFileType = sourcecode.c.h; name = rocks.h; path = ../../rocks.h; sourceTree = "<group>"; };
		1406BE61205C358100648F08 /* game.h */ = {isa = PBXFileReference; fileEncoding = 4; lastKnownFileType = sourcecode.c.h; name = game.h; path = ../../game.h; sourceTree = "<group>"; };
		1406BE62205C358100648F08 /* game.cpp */ = {isa = PBXFileReference; fileEncoding = 4; lastKnownFileType = sourcecode.cpp.cpp; name = game.cpp; path = ../../game.cpp; sourceTree = "<group>"; };
		1406BE63205C358100648F08 /* bullet.cpp */ = {isa = PBXFileReference; fileEncoding = 4; lastKnownFileType = sourcecode.cpp.cpp; name = bullet.cpp; path = ../../bullet.cpp; sourceTree = "<group>"; };
		1406BE64205C358100648F08 /* driver.cpp */ = {isa = PBXFileReference; fileEncoding = 4; lastKnownFileType = sourcecode.cpp.cpp; name = driver.cpp; path = ../../driver.cpp; sourceTree = "<group>"; };
		1406BE65205C358100648F08 /* point.h */ = {isa = PBXFileReference; fileEncoding = 4; lastKnownFileType = sourcecode.c.h; name = point.h; path = ../../point.h; sourceTree = "<group>"; };
		1406BE6D205C359500648F08 /* velocity.h */ = {isa = PBXFileReference; fileEncoding = 4; lastKnownFileType = sourcecode.c.h; name = velocity.h; path = ../../velocity.h; sourceTree = "<group>"; };
		1406BE6E205C359600648F08 /* ship.cpp */ = {isa = PBXFileReference; fileEncoding = 4; lastKnownFileType = sourcecode.cpp.cpp; name = ship.cpp; path = ../../ship.cpp; sourceTree = "<group>"; };
		1406BE6F205C359600648F08 /* velocity.cpp */ = {isa = PBXFileReference; fileEncoding = 4; lastKnownFileType = sourcecode.cpp.cpp; name = velocity.cpp; path = ../../velocity.cpp; sourceTree = "<group>"; };
		1406BE70205C359700648F08 /* uiDraw.cpp */ = {isa = PBXFileReference; fileEncoding = 4; lastKnownFileType = sourcecode.cpp.cpp; name = uiDraw.cpp; path = ../../uiDraw.cpp; sourceTree = "<group>"; };
		1406BE71205C359700648F08 /* asteroids */ = {isa = PBXFileReference; lastKnownFileType = folder; path = asteroids; sourceTree = SOURCE_ROOT; };
		1406BE72205C359700648F08 /* uiInteract.h */ = {isa = PBXFileReference; fileEncoding = 4; lastKnownFileType = sourcecode.c.h; name = uiInteract.h; path = ../../uiInteract.h; sourceTree = "<group>"; };
		1406BE73205C359700648F08 /* uiDraw.h */ = {isa = PBXFileReference; fileEncoding = 4; lastKnownFileType = sourcecode.c.h; name = uiDraw.h; path = ../../uiDraw.h; sourceTree = "<group>"; };
		1406BE74205C359700648F08 /* uiInteract.cpp */ = {isa = PBXFileReference; fileEncoding = 4; lastKnownFileType = sourcecode.cpp.cpp; name = uiInteract.cpp; path = ../../uiInteract.cpp; sourceTree = "<group>"; };
		1406BE75205C359700648F08 /* ship.h */ = {isa = PBXFileReference; fileEncoding = 4; lastKnownFileType = sourcecode.c.h; name = ship.h; path = ../../ship.h; sourceTree = "<group>"; };
		1406BE7B2060569F00648F08 /* OpenGL.framework */ = {isa = PBXFileReference; lastKnownFileType = wrapper.framework; name = OpenGL.framework; path = System/Library/Frameworks/OpenGL.framework; sourceTree = SDKROOT; };
		1406BE7D206056A600648F08 /* GLUT.framework */ = {isa = PBXFileReference; lastKnownFileType = wrapper.framework; name = GLUT.framework; path = System/Library/Frameworks/GLUT.framework; sourceTree = SDKROOT; };
		14DF3305207D479500E576E3 /* enemyShip.cpp */ = {isa = PBXFileReference; lastKnownFileType = sourcecode.cpp.cpp; path = enemyShip.cpp; sourceTree = SOURCE_ROOT; };
		14DF3306207D479500E576E3 /* enemyShip.h */ = {isa = PBXFileReference; lastKnownFileType = sourcecode.c.h; path = enemyShip.h; sourceTree = SOURCE_ROOT; };
/* End PBXFileReference section */

/* Begin PBXFrameworksBuildPhase section */
		1406BE4C205C352C00648F08 /* Frameworks */ = {
			isa = PBXFrameworksBuildPhase;
			buildActionMask = 2147483647;
			files = (
				1406BE7E206056A600648F08 /* GLUT.framework in Frameworks */,
				1406BE7C2060569F00648F08 /* OpenGL.framework in Frameworks */,
			);
			runOnlyForDeploymentPostprocessing = 0;
		};
/* End PBXFrameworksBuildPhase section */

/* Begin PBXGroup section */
		1406BE46205C352B00648F08 = {
			isa = PBXGroup;
			children = (
				1406BE51205C352C00648F08 /* asteroids */,
				1406BE50205C352C00648F08 /* Products */,
				1406BE7A2060569E00648F08 /* Frameworks */,
			);
			sourceTree = "<group>";
		};
		1406BE50205C352C00648F08 /* Products */ = {
			isa = PBXGroup;
			children = (
				1406BE4F205C352C00648F08 /* asteroids */,
			);
			name = Products;
			sourceTree = "<group>";
		};
		1406BE51205C352C00648F08 /* asteroids */ = {
			isa = PBXGroup;
			children = (
				1406BE71205C359700648F08 /* asteroids */,
				1406BE6E205C359600648F08 /* ship.cpp */,
				1406BE75205C359700648F08 /* ship.h */,
				1406BE70205C359700648F08 /* uiDraw.cpp */,
				1406BE73205C359700648F08 /* uiDraw.h */,
				1406BE74205C359700648F08 /* uiInteract.cpp */,
				1406BE72205C359700648F08 /* uiInteract.h */,
				1406BE6F205C359600648F08 /* velocity.cpp */,
				1406BE6D205C359500648F08 /* velocity.h */,
				1406BE63205C358100648F08 /* bullet.cpp */,
				1406BE5F205C358100648F08 /* bullet.h */,
				1406BE64205C358100648F08 /* driver.cpp */,
				1406BE5A205C358000648F08 /* flyingObject.cpp */,
				1406BE5D205C358000648F08 /* flyingObject.h */,
				1406BE62205C358100648F08 /* game.cpp */,
				1406BE61205C358100648F08 /* game.h */,
				1406BE5E205C358000648F08 /* makefile */,
				1406BE5C205C358000648F08 /* makefile~ */,
				1406BE5B205C358000648F08 /* point.cpp */,
				1406BE65205C358100648F08 /* point.h */,
				1406BE59205C358000648F08 /* rocks.cpp */,
				1406BE60205C358100648F08 /* rocks.h */,
				14DF3305207D479500E576E3 /* enemyShip.cpp */,
				14DF3306207D479500E576E3 /* enemyShip.h */,
			);
			path = asteroids;
			sourceTree = "<group>";
		};
		1406BE7A2060569E00648F08 /* Frameworks */ = {
			isa = PBXGroup;
			children = (
				1406BE7D206056A600648F08 /* GLUT.framework */,
				1406BE7B2060569F00648F08 /* OpenGL.framework */,
			);
			name = Frameworks;
			sourceTree = "<group>";
		};
/* End PBXGroup section */

/* Begin PBXNativeTarget section */
		1406BE4E205C352C00648F08 /* asteroids */ = {
			isa = PBXNativeTarget;
			buildConfigurationList = 1406BE56205C352D00648F08 /* Build configuration list for PBXNativeTarget "asteroids" */;
			buildPhases = (
				1406BE4B205C352C00648F08 /* Sources */,
				1406BE4C205C352C00648F08 /* Frameworks */,
				1406BE4D205C352C00648F08 /* CopyFiles */,
			);
			buildRules = (
			);
			dependencies = (
			);
			name = asteroids;
			productName = asteroids;
			productReference = 1406BE4F205C352C00648F08 /* asteroids */;
			productType = "com.apple.product-type.tool";
		};
/* End PBXNativeTarget section */

/* Begin PBXProject section */
		1406BE47205C352B00648F08 /* Project object */ = {
			isa = PBXProject;
			attributes = {
				LastUpgradeCheck = 0920;
				ORGANIZATIONNAME = "Jon Michael Ossola";
				TargetAttributes = {
					1406BE4E205C352C00648F08 = {
						CreatedOnToolsVersion = 9.2;
						ProvisioningStyle = Automatic;
					};
				};
			};
			buildConfigurationList = 1406BE4A205C352B00648F08 /* Build configuration list for PBXProject "asteroids" */;
			compatibilityVersion = "Xcode 8.0";
			developmentRegion = en;
			hasScannedForEncodings = 0;
			knownRegions = (
				en,
			);
			mainGroup = 1406BE46205C352B00648F08;
			productRefGroup = 1406BE50205C352C00648F08 /* Products */;
			projectDirPath = "";
			projectRoot = "";
			targets = (
				1406BE4E205C352C00648F08 /* asteroids */,
			);
		};
/* End PBXProject section */

/* Begin PBXSourcesBuildPhase section */
		1406BE4B205C352C00648F08 /* Sources */ = {
			isa = PBXSourcesBuildPhase;
			buildActionMask = 2147483647;
			files = (
				1406BE66205C358100648F08 /* rocks.cpp in Sources */,
				1406BE6B205C358100648F08 /* bullet.cpp in Sources */,
				1406BE6C205C358100648F08 /* driver.cpp in Sources */,
				1406BE67205C358100648F08 /* flyingObject.cpp in Sources */,
				14DF3307207D479500E576E3 /* enemyShip.cpp in Sources */,
				1406BE69205C358100648F08 /* makefile in Sources */,
				1406BE78205C359800648F08 /* uiDraw.cpp in Sources */,
				1406BE76205C359800648F08 /* ship.cpp in Sources */,
				1406BE6A205C358100648F08 /* game.cpp in Sources */,
				1406BE79205C359800648F08 /* uiInteract.cpp in Sources */,
				1406BE77205C359800648F08 /* velocity.cpp in Sources */,
				1406BE68205C358100648F08 /* point.cpp in Sources */,
			);
			runOnlyForDeploymentPostprocessing = 0;
		};
/* End PBXSourcesBuildPhase section */

/* Begin XCBuildConfiguration section */
		1406BE54205C352D00648F08 /* Debug */ = {
			isa = XCBuildConfiguration;
			buildSettings = {
				ALWAYS_SEARCH_USER_PATHS = NO;
				CLANG_ANALYZER_NONNULL = YES;
				CLANG_ANALYZER_NUMBER_OBJECT_CONVERSION = YES_AGGRESSIVE;
				CLANG_CXX_LANGUAGE_STANDARD = "gnu++14";
				CLANG_CXX_LIBRARY = "libc++";
				CLANG_ENABLE_MODULES = YES;
				CLANG_ENABLE_OBJC_ARC = YES;
				CLANG_WARN_BLOCK_CAPTURE_AUTORELEASING = YES;
				CLANG_WARN_BOOL_CONVERSION = YES;
				CLANG_WARN_COMMA = YES;
				CLANG_WARN_CONSTANT_CONVERSION = YES;
				CLANG_WARN_DIRECT_OBJC_ISA_USAGE = YES_ERROR;
				CLANG_WARN_DOCUMENTATION_COMMENTS = YES;
				CLANG_WARN_EMPTY_BODY = YES;
				CLANG_WARN_ENUM_CONVERSION = YES;
				CLANG_WARN_INFINITE_RECURSION = YES;
				CLANG_WARN_INT_CONVERSION = YES;
				CLANG_WARN_NON_LITERAL_NULL_CONVERSION = YES;
				CLANG_WARN_OBJC_LITERAL_CONVERSION = YES;
				CLANG_WARN_OBJC_ROOT_CLASS = YES_ERROR;
				CLANG_WARN_RANGE_LOOP_ANALYSIS = YES;
				CLANG_WARN_STRICT_PROTOTYPES = YES;
				CLANG_WARN_SUSPICIOUS_MOVE = YES;
				CLANG_WARN_UNGUARDED_AVAILABILITY = YES_AGGRESSIVE;
				CLANG_WARN_UNREACHABLE_CODE = YES;
				CLANG_WARN__DUPLICATE_METHOD_MATCH = YES;
				CODE_SIGN_IDENTITY = "-";
				COPY_PHASE_STRIP = NO;
				DEBUG_INFORMATION_FORMAT = dwarf;
				ENABLE_STRICT_OBJC_MSGSEND = YES;
				ENABLE_TESTABILITY = YES;
				GCC_C_LANGUAGE_STANDARD = gnu11;
				GCC_DYNAMIC_NO_PIC = NO;
				GCC_NO_COMMON_BLOCKS = YES;
				GCC_OPTIMIZATION_LEVEL = 0;
				GCC_PREPROCESSOR_DEFINITIONS = (
					"DEBUG=1",
					"$(inherited)",
				);
				GCC_WARN_64_TO_32_BIT_CONVERSION = YES;
				GCC_WARN_ABOUT_RETURN_TYPE = YES_ERROR;
				GCC_WARN_UNDECLARED_SELECTOR = YES;
				GCC_WARN_UNINITIALIZED_AUTOS = YES_AGGRESSIVE;
				GCC_WARN_UNUSED_FUNCTION = YES;
				GCC_WARN_UNUSED_VARIABLE = YES;
				MACOSX_DEPLOYMENT_TARGET = 10.13;
				MTL_ENABLE_DEBUG_INFO = YES;
				ONLY_ACTIVE_ARCH = YES;
				SDKROOT = macosx;
			};
			name = Debug;
		};
		1406BE55205C352D00648F08 /* Release */ = {
			isa = XCBuildConfiguration;
			buildSettings = {
				ALWAYS_SEARCH_USER_PATHS = NO;
				CLANG_ANALYZER_NONNULL = YES;
				CLANG_ANALYZER_NUMBER_OBJECT_CONVERSION = YES_AGGRESSIVE;
				CLANG_CXX_LANGUAGE_STANDARD = "gnu++14";
				CLANG_CXX_LIBRARY = "libc++";
				CLANG_ENABLE_MODULES = YES;
				CLANG_ENABLE_OBJC_ARC = YES;
				CLANG_WARN_BLOCK_CAPTURE_AUTORELEASING = YES;
				CLANG_WARN_BOOL_CONVERSION = YES;
				CLANG_WARN_COMMA = YES;
				CLANG_WARN_CONSTANT_CONVERSION = YES;
				CLANG_WARN_DIRECT_OBJC_ISA_USAGE = YES_ERROR;
				CLANG_WARN_DOCUMENTATION_COMMENTS = YES;
				CLANG_WARN_EMPTY_BODY = YES;
				CLANG_WARN_ENUM_CONVERSION = YES;
				CLANG_WARN_INFINITE_RECURSION = YES;
				CLANG_WARN_INT_CONVERSION = YES;
				CLANG_WARN_NON_LITERAL_NULL_CONVERSION = YES;
				CLANG_WARN_OBJC_LITERAL_CONVERSION = YES;
				CLANG_WARN_OBJC_ROOT_CLASS = YES_ERROR;
				CLANG_WARN_RANGE_LOOP_ANALYSIS = YES;
				CLANG_WARN_STRICT_PROTOTYPES = YES;
				CLANG_WARN_SUSPICIOUS_MOVE = YES;
				CLANG_WARN_UNGUARDED_AVAILABILITY = YES_AGGRESSIVE;
				CLANG_WARN_UNREACHABLE_CODE = YES;
				CLANG_WARN__DUPLICATE_METHOD_MATCH = YES;
				CODE_SIGN_IDENTITY = "-";
				COPY_PHASE_STRIP = NO;
				DEBUG_INFORMATION_FORMAT = "dwarf-with-dsym";
				ENABLE_NS_ASSERTIONS = NO;
				ENABLE_STRICT_OBJC_MSGSEND = YES;
				GCC_C_LANGUAGE_STANDARD = gnu11;
				GCC_NO_COMMON_BLOCKS = YES;
				GCC_WARN_64_TO_32_BIT_CONVERSION = YES;
				GCC_WARN_ABOUT_RETURN_TYPE = YES_ERROR;
				GCC_WARN_UNDECLARED_SELECTOR = YES;
				GCC_WARN_UNINITIALIZED_AUTOS = YES_AGGRESSIVE;
				GCC_WARN_UNUSED_FUNCTION = YES;
				GCC_WARN_UNUSED_VARIABLE = YES;
				MACOSX_DEPLOYMENT_TARGET = 10.13;
				MTL_ENABLE_DEBUG_INFO = NO;
				SDKROOT = macosx;
			};
			name = Release;
		};
		1406BE57205C352D00648F08 /* Debug */ = {
			isa = XCBuildConfiguration;
			buildSettings = {
				CODE_SIGN_STYLE = Automatic;
				PRODUCT_NAME = "$(TARGET_NAME)";
			};
			name = Debug;
		};
		1406BE58205C352D00648F08 /* Release */ = {
			isa = XCBuildConfiguration;
			buildSettings = {
				CODE_SIGN_STYLE = Automatic;
				PRODUCT_NAME = "$(TARGET_NAME)";
			};
			name = Release;
		};
/* End XCBuildConfiguration section */

/* Begin XCConfigurationList section */
		1406BE4A205C352B00648F08 /* Build configuration list for PBXProject "asteroids" */ = {
			isa = XCConfigurationList;
			buildConfigurations = (
				1406BE54205C352D00648F08 /* Debug */,
				1406BE55205C352D00648F08 /* Release */,
			);
			defaultConfigurationIsVisible = 0;
			defaultConfigurationName = Release;
		};
		1406BE56205C352D00648F08 /* Build configuration list for PBXNativeTarget "asteroids" */ = {
			isa = XCConfigurationList;
			buildConfigurations = (
				1406BE57205C352D00648F08 /* Debug */,
				1406BE58205C352D00648F08 /* Release */,
			);
			defaultConfigurationIsVisible = 0;
			defaultConfigurationName = Release;
		};
/* End XCConfigurationList section */
	};
	rootObject = 1406BE47205C352B00648F08 /* Project object */;
}
