// !$*UTF8*$!
{
	archiveVersion = 1;
	classes = {
	};
	objectVersion = 50;
	objects = {

/* Begin PBXBuildFile section */
		1466125C217FF66300D3036B /* fibonacci.cpp in Sources */ = {isa = PBXBuildFile; fileRef = 1466125A217FF66300D3036B /* fibonacci.cpp */; };
		1466125F217FF7ED00D3036B /* WholeNumber.cpp in Sources */ = {isa = PBXBuildFile; fileRef = 1466125D217FF7ED00D3036B /* WholeNumber.cpp */; };
		14661261217FF89100D3036B /* list.h in Sources */ = {isa = PBXBuildFile; fileRef = 14661260217FF89100D3036B /* list.h */; };
		14661263217FF90900D3036B /* node.h in Sources */ = {isa = PBXBuildFile; fileRef = 14661262217FF90900D3036B /* node.h */; };
		14661265217FF95700D3036B /* week07.cpp in Sources */ = {isa = PBXBuildFile; fileRef = 14661264217FF95700D3036B /* week07.cpp */; };
/* End PBXBuildFile section */

/* Begin PBXCopyFilesBuildPhase section */
		1466124A217FF4CF00D3036B /* CopyFiles */ = {
			isa = PBXCopyFilesBuildPhase;
			buildActionMask = 2147483647;
			dstPath = /usr/share/man/man1/;
			dstSubfolderSpec = 0;
			files = (
			);
			runOnlyForDeploymentPostprocessing = 1;
		};
/* End PBXCopyFilesBuildPhase section */

/* Begin PBXFileReference section */
		1466124C217FF4D000D3036B /* AustinFibonacci */ = {isa = PBXFileReference; explicitFileType = "compiled.mach-o.executable"; includeInIndex = 0; path = AustinFibonacci; sourceTree = BUILT_PRODUCTS_DIR; };
		1466125A217FF66300D3036B /* fibonacci.cpp */ = {isa = PBXFileReference; lastKnownFileType = sourcecode.cpp.cpp; path = fibonacci.cpp; sourceTree = "<group>"; };
		1466125B217FF66300D3036B /* fibonacci.h */ = {isa = PBXFileReference; lastKnownFileType = sourcecode.c.h; path = fibonacci.h; sourceTree = "<group>"; };
		1466125D217FF7ED00D3036B /* WholeNumber.cpp */ = {isa = PBXFileReference; lastKnownFileType = sourcecode.cpp.cpp; path = WholeNumber.cpp; sourceTree = "<group>"; };
		1466125E217FF7ED00D3036B /* WholeNumber.h */ = {isa = PBXFileReference; lastKnownFileType = sourcecode.c.h; path = WholeNumber.h; sourceTree = "<group>"; };
		14661260217FF89100D3036B /* list.h */ = {isa = PBXFileReference; lastKnownFileType = sourcecode.c.h; path = list.h; sourceTree = "<group>"; };
		14661262217FF90900D3036B /* node.h */ = {isa = PBXFileReference; lastKnownFileType = sourcecode.c.h; path = node.h; sourceTree = "<group>"; };
		14661264217FF95700D3036B /* week07.cpp */ = {isa = PBXFileReference; lastKnownFileType = sourcecode.cpp.cpp; path = week07.cpp; sourceTree = "<group>"; };
/* End PBXFileReference section */

/* Begin PBXFrameworksBuildPhase section */
		14661249217FF4CF00D3036B /* Frameworks */ = {
			isa = PBXFrameworksBuildPhase;
			buildActionMask = 2147483647;
			files = (
			);
			runOnlyForDeploymentPostprocessing = 0;
		};
/* End PBXFrameworksBuildPhase section */

/* Begin PBXGroup section */
		14661243217FF4CF00D3036B = {
			isa = PBXGroup;
			children = (
				1466124E217FF4D000D3036B /* AustinFibonacci */,
				1466124D217FF4D000D3036B /* Products */,
			);
			sourceTree = "<group>";
		};
		1466124D217FF4D000D3036B /* Products */ = {
			isa = PBXGroup;
			children = (
				1466124C217FF4D000D3036B /* AustinFibonacci */,
			);
			name = Products;
			sourceTree = "<group>";
		};
		1466124E217FF4D000D3036B /* AustinFibonacci */ = {
			isa = PBXGroup;
			children = (
				1466125A217FF66300D3036B /* fibonacci.cpp */,
				1466125B217FF66300D3036B /* fibonacci.h */,
				1466125D217FF7ED00D3036B /* WholeNumber.cpp */,
				1466125E217FF7ED00D3036B /* WholeNumber.h */,
				14661260217FF89100D3036B /* list.h */,
				14661262217FF90900D3036B /* node.h */,
				14661264217FF95700D3036B /* week07.cpp */,
			);
			path = AustinFibonacci;
			sourceTree = "<group>";
		};
/* End PBXGroup section */

/* Begin PBXNativeTarget section */
		1466124B217FF4CF00D3036B /* AustinFibonacci */ = {
			isa = PBXNativeTarget;
			buildConfigurationList = 14661253217FF4D000D3036B /* Build configuration list for PBXNativeTarget "AustinFibonacci" */;
			buildPhases = (
				14661248217FF4CF00D3036B /* Sources */,
				14661249217FF4CF00D3036B /* Frameworks */,
				1466124A217FF4CF00D3036B /* CopyFiles */,
			);
			buildRules = (
			);
			dependencies = (
			);
			name = AustinFibonacci;
			productName = AustinFibonacci;
			productReference = 1466124C217FF4D000D3036B /* AustinFibonacci */;
			productType = "com.apple.product-type.tool";
		};
/* End PBXNativeTarget section */

/* Begin PBXProject section */
		14661244217FF4CF00D3036B /* Project object */ = {
			isa = PBXProject;
			attributes = {
				LastUpgradeCheck = 0940;
				ORGANIZATIONNAME = "Jon Michael Ossola";
				TargetAttributes = {
					1466124B217FF4CF00D3036B = {
						CreatedOnToolsVersion = 9.4.1;
					};
				};
			};
			buildConfigurationList = 14661247217FF4CF00D3036B /* Build configuration list for PBXProject "AustinFibonacci" */;
			compatibilityVersion = "Xcode 9.3";
			developmentRegion = en;
			hasScannedForEncodings = 0;
			knownRegions = (
				en,
			);
			mainGroup = 14661243217FF4CF00D3036B;
			productRefGroup = 1466124D217FF4D000D3036B /* Products */;
			projectDirPath = "";
			projectRoot = "";
			targets = (
				1466124B217FF4CF00D3036B /* AustinFibonacci */,
			);
		};
/* End PBXProject section */

/* Begin PBXSourcesBuildPhase section */
		14661248217FF4CF00D3036B /* Sources */ = {
			isa = PBXSourcesBuildPhase;
			buildActionMask = 2147483647;
			files = (
				1466125F217FF7ED00D3036B /* WholeNumber.cpp in Sources */,
				1466125C217FF66300D3036B /* fibonacci.cpp in Sources */,
				14661261217FF89100D3036B /* list.h in Sources */,
				14661265217FF95700D3036B /* week07.cpp in Sources */,
				14661263217FF90900D3036B /* node.h in Sources */,
			);
			runOnlyForDeploymentPostprocessing = 0;
		};
/* End PBXSourcesBuildPhase section */

/* Begin XCBuildConfiguration section */
		14661251217FF4D000D3036B /* Debug */ = {
			isa = XCBuildConfiguration;
			buildSettings = {
				ALWAYS_SEARCH_USER_PATHS = NO;
				CLANG_ANALYZER_NONNULL = YES;
				CLANG_ANALYZER_NUMBER_OBJECT_CONVERSION = YES_AGGRESSIVE;
				CLANG_CXX_LANGUAGE_STANDARD = "gnu++14";
				CLANG_CXX_LIBRARY = "libc++";
				CLANG_ENABLE_MODULES = YES;
				CLANG_ENABLE_OBJC_ARC = YES;
				CLANG_ENABLE_OBJC_WEAK = YES;
				CLANG_WARN_BLOCK_CAPTURE_AUTORELEASING = YES;
				CLANG_WARN_BOOL_CONVERSION = YES;
				CLANG_WARN_COMMA = YES;
				CLANG_WARN_CONSTANT_CONVERSION = YES;
				CLANG_WARN_DEPRECATED_OBJC_IMPLEMENTATIONS = YES;
				CLANG_WARN_DIRECT_OBJC_ISA_USAGE = YES_ERROR;
				CLANG_WARN_DOCUMENTATION_COMMENTS = YES;
				CLANG_WARN_EMPTY_BODY = YES;
				CLANG_WARN_ENUM_CONVERSION = YES;
				CLANG_WARN_INFINITE_RECURSION = YES;
				CLANG_WARN_INT_CONVERSION = YES;
				CLANG_WARN_NON_LITERAL_NULL_CONVERSION = YES;
				CLANG_WARN_OBJC_IMPLICIT_RETAIN_SELF = YES;
				CLANG_WARN_OBJC_LITERAL_CONVERSION = YES;
				CLANG_WARN_OBJC_ROOT_CLASS = YES_ERROR;
				CLANG_WARN_RANGE_LOOP_ANALYSIS = YES;
				CLANG_WARN_STRICT_PROTOTYPES = YES;
				CLANG_WARN_SUSPICIOUS_MOVE = YES;
				CLANG_WARN_UNGUARDED_AVAILABILITY = YES_AGGRESSIVE;
				CLANG_WARN_UNREACHABLE_CODE = YES;
				CLANG_WARN__DUPLICATE_METHOD_MATCH = YES;
				CODE_SIGN_IDENTITY = "-";
				COPY_PHASE_STRIP = NO;
				DEBUG_INFORMATION_FORMAT = dwarf;
				ENABLE_STRICT_OBJC_MSGSEND = YES;
				ENABLE_TESTABILITY = YES;
				GCC_C_LANGUAGE_STANDARD = gnu11;
				GCC_DYNAMIC_NO_PIC = NO;
				GCC_NO_COMMON_BLOCKS = YES;
				GCC_OPTIMIZATION_LEVEL = 0;
				GCC_PREPROCESSOR_DEFINITIONS = (
					"DEBUG=1",
					"$(inherited)",
				);
				GCC_WARN_64_TO_32_BIT_CONVERSION = YES;
				GCC_WARN_ABOUT_RETURN_TYPE = YES_ERROR;
				GCC_WARN_UNDECLARED_SELECTOR = YES;
				GCC_WARN_UNINITIALIZED_AUTOS = YES_AGGRESSIVE;
				GCC_WARN_UNUSED_FUNCTION = YES;
				GCC_WARN_UNUSED_VARIABLE = YES;
				MACOSX_DEPLOYMENT_TARGET = 10.13;
				MTL_ENABLE_DEBUG_INFO = YES;
				ONLY_ACTIVE_ARCH = YES;
				SDKROOT = macosx;
			};
			name = Debug;
		};
		14661252217FF4D000D3036B /* Release */ = {
			isa = XCBuildConfiguration;
			buildSettings = {
				ALWAYS_SEARCH_USER_PATHS = NO;
				CLANG_ANALYZER_NONNULL = YES;
				CLANG_ANALYZER_NUMBER_OBJECT_CONVERSION = YES_AGGRESSIVE;
				CLANG_CXX_LANGUAGE_STANDARD = "gnu++14";
				CLANG_CXX_LIBRARY = "libc++";
				CLANG_ENABLE_MODULES = YES;
				CLANG_ENABLE_OBJC_ARC = YES;
				CLANG_ENABLE_OBJC_WEAK = YES;
				CLANG_WARN_BLOCK_CAPTURE_AUTORELEASING = YES;
				CLANG_WARN_BOOL_CONVERSION = YES;
				CLANG_WARN_COMMA = YES;
				CLANG_WARN_CONSTANT_CONVERSION = YES;
				CLANG_WARN_DEPRECATED_OBJC_IMPLEMENTATIONS = YES;
				CLANG_WARN_DIRECT_OBJC_ISA_USAGE = YES_ERROR;
				CLANG_WARN_DOCUMENTATION_COMMENTS = YES;
				CLANG_WARN_EMPTY_BODY = YES;
				CLANG_WARN_ENUM_CONVERSION = YES;
				CLANG_WARN_INFINITE_RECURSION = YES;
				CLANG_WARN_INT_CONVERSION = YES;
				CLANG_WARN_NON_LITERAL_NULL_CONVERSION = YES;
				CLANG_WARN_OBJC_IMPLICIT_RETAIN_SELF = YES;
				CLANG_WARN_OBJC_LITERAL_CONVERSION = YES;
				CLANG_WARN_OBJC_ROOT_CLASS = YES_ERROR;
				CLANG_WARN_RANGE_LOOP_ANALYSIS = YES;
				CLANG_WARN_STRICT_PROTOTYPES = YES;
				CLANG_WARN_SUSPICIOUS_MOVE = YES;
				CLANG_WARN_UNGUARDED_AVAILABILITY = YES_AGGRESSIVE;
				CLANG_WARN_UNREACHABLE_CODE = YES;
				CLANG_WARN__DUPLICATE_METHOD_MATCH = YES;
				CODE_SIGN_IDENTITY = "-";
				COPY_PHASE_STRIP = NO;
				DEBUG_INFORMATION_FORMAT = "dwarf-with-dsym";
				ENABLE_NS_ASSERTIONS = NO;
				ENABLE_STRICT_OBJC_MSGSEND = YES;
				GCC_C_LANGUAGE_STANDARD = gnu11;
				GCC_NO_COMMON_BLOCKS = YES;
				GCC_WARN_64_TO_32_BIT_CONVERSION = YES;
				GCC_WARN_ABOUT_RETURN_TYPE = YES_ERROR;
				GCC_WARN_UNDECLARED_SELECTOR = YES;
				GCC_WARN_UNINITIALIZED_AUTOS = YES_AGGRESSIVE;
				GCC_WARN_UNUSED_FUNCTION = YES;
				GCC_WARN_UNUSED_VARIABLE = YES;
				MACOSX_DEPLOYMENT_TARGET = 10.13;
				MTL_ENABLE_DEBUG_INFO = NO;
				SDKROOT = macosx;
			};
			name = Release;
		};
		14661254217FF4D000D3036B /* Debug */ = {
			isa = XCBuildConfiguration;
			buildSettings = {
				CODE_SIGN_STYLE = Automatic;
				PRODUCT_NAME = "$(TARGET_NAME)";
			};
			name = Debug;
		};
		14661255217FF4D000D3036B /* Release */ = {
			isa = XCBuildConfiguration;
			buildSettings = {
				CODE_SIGN_STYLE = Automatic;
				PRODUCT_NAME = "$(TARGET_NAME)";
			};
			name = Release;
		};
/* End XCBuildConfiguration section */

/* Begin XCConfigurationList section */
		14661247217FF4CF00D3036B /* Build configuration list for PBXProject "AustinFibonacci" */ = {
			isa = XCConfigurationList;
			buildConfigurations = (
				14661251217FF4D000D3036B /* Debug */,
				14661252217FF4D000D3036B /* Release */,
			);
			defaultConfigurationIsVisible = 0;
			defaultConfigurationName = Release;
		};
		14661253217FF4D000D3036B /* Build configuration list for PBXNativeTarget "AustinFibonacci" */ = {
			isa = XCConfigurationList;
			buildConfigurations = (
				14661254217FF4D000D3036B /* Debug */,
				14661255217FF4D000D3036B /* Release */,
			);
			defaultConfigurationIsVisible = 0;
			defaultConfigurationName = Release;
		};
/* End XCConfigurationList section */
	};
	rootObject = 14661244217FF4CF00D3036B /* Project object */;
}
